{
  "version": 4,
  "terraform_version": "1.5.7",
  "serial": 5,
  "lineage": "c02852b3-355c-e540-d0ec-4ecfddd48faf",
  "outputs": {},
  "resources": [
    {
      "mode": "managed",
      "type": "gitlab_group_membership",
      "name": "another_member",
      "provider": "provider[\"registry.terraform.io/gitlabhq/gitlab\"]",
      "instances": [
        {
          "schema_version": 0,
          "attributes": {
            "access_level": "maintainer",
            "expires_at": "",
            "group_id": "88998654",
            "id": "88998654:2345678",
            "member_role_id": 0,
            "skip_subresources_on_destroy": false,
            "unassign_issuables_on_destroy": false,
            "user_id": 2345678
          },
          "sensitive_attributes": [],
          "private": "bnVsbA=="
        }
      ]
    },
    {
      "mode": "managed",
      "type": "gitlab_group_membership",
      "name": "example_member",
      "provider": "provider[\"registry.terraform.io/gitlabhq/gitlab\"]",
      "instances": [
        {
          "schema_version": 0,
          "attributes": {
            "access_level": "developer",
            "expires_at": "",
            "group_id": "88998654",
            "id": "88998654:1234567",
            "member_role_id": 0,
            "skip_subresources_on_destroy": false,
            "unassign_issuables_on_destroy": false,
            "user_id": 1234567
          },
          "sensitive_attributes": [],
          "private": "bnVsbA=="
        }
      ]
    }
  ],
  "check_results": null
}
